hash: d55c934a045cf5d5858dc6fc8d9c60d74c25f97dc083fa4a24f232204908f138
updated: 2018-03-03T17:50:56.074471853+02:00
imports:
- name: github.com/aokoli/goutils
  version: 9c37978a95bd5c709a15883b6242714ea6709e64
- name: github.com/BurntSushi/toml
  version: b26d9c308763d68093482582cea63d69be07a0f0
- name: github.com/facebookgo/symwalk
  version: 42004b9f322246749dd73ad71008b1f3160c0052
- name: github.com/ghodss/yaml
  version: 73d445a93680fa1a78ae23a5839bad48f32ba1ee
- name: github.com/gobwas/glob
  version: 5ccd90ef52e1e632236f7326478d4faa74f99438
  subpackages:
  - compiler
  - match
  - syntax
  - syntax/ast
  - syntax/lexer
  - util/runes
  - util/strings
- name: github.com/golang/protobuf
  version: 2bba0603135d7d7f5cb73b2125beeda19c09f4ef
  subpackages:
  - proto
  - ptypes/any
  - ptypes/timestamp
- name: github.com/huandu/xstrings
  version: 3959339b333561bf62a38b424fd41517c2c90f40
- name: github.com/imdario/mergo
  version: 6633656539c1639d9d78127b7d47c622b5d7b6dc
- name: github.com/inconshreveable/mousetrap
  version: 76626ae9c91c4f2a10f34cad8ce83ea42c93bb75
- name: github.com/Masterminds/semver
  version: 3f0ab6d4ab4bed1c61caf056b63a6e62190c7801
- name: github.com/Masterminds/sprig
  version: b217b9c388de2cacde4354c536e520c52c055563
- name: github.com/satori/go.uuid
  version: f58768cc1a7a7e77a3bd49e98cdd21419399b6a3
- name: github.com/spf13/cobra
  version: f62e98d28ab7ad31d707ba837a966378465c7b57
- name: github.com/spf13/pflag
  version: 9ff6c6923cfffbcd502984b8e0c80539a94968b7
- name: golang.org/x/crypto
  version: 81e90905daefcd6fd217b62423c0908922eadb30
  subpackages:
  - pbkdf2
  - scrypt
- name: gopkg.in/yaml.v2
  version: 53feefa2559fb8dfa8d81baad31be332c97d6c77
- name: k8s.io/apimachinery
  version: 68f9c3a1feb3140df59c67ced62d3a5df8e6c9c2
  subpackages:
  - pkg/version
- name: k8s.io/helm
  version: 7cf31e8d9a026287041bae077b09165be247ae66
  subpackages:
  - pkg/chartutil
  - pkg/engine
  - pkg/ignore
  - pkg/proto/hapi/chart
  - pkg/proto/hapi/version
  - pkg/strvals
  - pkg/timeconv
testImports: []
