hash: 413c85ab45d61c595e9dd53e3ff40e9d96fa010cd755db362e1381b6c6ebc931
updated: 2018-06-26T10:24:48.000963165+03:00
imports:
- name: github.com/aokoli/goutils
  version: 9c37978a95bd5c709a15883b6242714ea6709e64
- name: github.com/BurntSushi/toml
  version: b26d9c308763d68093482582cea63d69be07a0f0
- name: github.com/ghodss/yaml
  version: 73d445a93680fa1a78ae23a5839bad48f32ba1ee
- name: github.com/gobwas/glob
  version: 5ccd90ef52e1e632236f7326478d4faa74f99438
  subpackages:
  - compiler
  - match
  - syntax
  - syntax/ast
  - syntax/lexer
  - util/runes
  - util/strings
- name: github.com/golang/protobuf
  version: 1643683e1b54a9e88ad26d98f81400c8c9d9f4f9
  subpackages:
  - proto
  - ptypes/any
  - ptypes/timestamp
- name: github.com/google/uuid
  version: 064e2069ce9c359c118179501254f67d7d37ba24
- name: github.com/huandu/xstrings
  version: 3959339b333561bf62a38b424fd41517c2c90f40
- name: github.com/imdario/mergo
  version: 6633656539c1639d9d78127b7d47c622b5d7b6dc
- name: github.com/inconshreveable/mousetrap
  version: 76626ae9c91c4f2a10f34cad8ce83ea42c93bb75
- name: github.com/Masterminds/semver
  version: 517734cc7d6470c0d07130e40fd40bdeb9bcd3fd
- name: github.com/Masterminds/sprig
  version: 6b2a58267f6a8b1dc8e2eb5519b984008fa85e8c
- name: github.com/spf13/cobra
  version: f62e98d28ab7ad31d707ba837a966378465c7b57
- name: github.com/spf13/pflag
  version: 9ff6c6923cfffbcd502984b8e0c80539a94968b7
- name: golang.org/x/crypto
  version: 81e90905daefcd6fd217b62423c0908922eadb30
  subpackages:
  - pbkdf2
  - scrypt
- name: gopkg.in/yaml.v2
  version: 53feefa2559fb8dfa8d81baad31be332c97d6c77
- name: k8s.io/apimachinery
  version: e386b2658ed20923da8cc9250e552f082899a1ee
  subpackages:
  - pkg/version
- name: k8s.io/helm
  version: 20adb27c7c5868466912eebdf6664e7390ebe710
  subpackages:
  - pkg/chartutil
  - pkg/engine
  - pkg/ignore
  - pkg/proto/hapi/chart
  - pkg/proto/hapi/version
  - pkg/strvals
  - pkg/sympath
  - pkg/timeconv
  - pkg/version
testImports: []
